// !$*UTF8*$!
{
	archiveVersion = 1;
	classes = {
	};
	objectVersion = 55;
	objects = {

/* Begin PBXBuildFile section */
		2E631E9129196BBE006A5B10 /* AppDelegate.swift in Sources */ = {isa = PBXBuildFile; fileRef = 2E631E9029196BBE006A5B10 /* AppDelegate.swift */; };
		2E631E9329196BBE006A5B10 /* SceneDelegate.swift in Sources */ = {isa = PBXBuildFile; fileRef = 2E631E9229196BBE006A5B10 /* SceneDelegate.swift */; };
		2E631E9529196BBE006A5B10 /* MainTabBarViewController.swift in Sources */ = {isa = PBXBuildFile; fileRef = 2E631E9429196BBE006A5B10 /* MainTabBarViewController.swift */; };
		2E631E9A29196BBE006A5B10 /* Assets.xcassets in Resources */ = {isa = PBXBuildFile; fileRef = 2E631E9929196BBE006A5B10 /* Assets.xcassets */; };
		2E631E9D29196BBE006A5B10 /* LaunchScreen.storyboard in Resources */ = {isa = PBXBuildFile; fileRef = 2E631E9B29196BBE006A5B10 /* LaunchScreen.storyboard */; };
		2E631EA629196F50006A5B10 /* HomeViewController.swift in Sources */ = {isa = PBXBuildFile; fileRef = 2E631EA529196F50006A5B10 /* HomeViewController.swift */; };
		2E631EA829196F81006A5B10 /* UpcomingViewController.swift in Sources */ = {isa = PBXBuildFile; fileRef = 2E631EA729196F81006A5B10 /* UpcomingViewController.swift */; };
		2E631EAA29196FA5006A5B10 /* SearchViewController.swift in Sources */ = {isa = PBXBuildFile; fileRef = 2E631EA929196FA5006A5B10 /* SearchViewController.swift */; };
		2E631EAC29196FE2006A5B10 /* FavoriteViewController.swift in Sources */ = {isa = PBXBuildFile; fileRef = 2E631EAB29196FE2006A5B10 /* FavoriteViewController.swift */; };
		2E631EB329197930006A5B10 /* CollectionViewTableViewCell.swift in Sources */ = {isa = PBXBuildFile; fileRef = 2E631EB229197930006A5B10 /* CollectionViewTableViewCell.swift */; };
		2E631EB5291A81C3006A5B10 /* MovieHeaderUIView.swift in Sources */ = {isa = PBXBuildFile; fileRef = 2E631EB4291A81C3006A5B10 /* MovieHeaderUIView.swift */; };
		2EAE6A4E2965C330003040DC /* Extensions.swift in Sources */ = {isa = PBXBuildFile; fileRef = 2EAE6A4D2965C330003040DC /* Extensions.swift */; };
/* End PBXBuildFile section */

/* Begin PBXFileReference section */
		2E631E8D29196BBE006A5B10 /* Movie-Trailer.app */ = {isa = PBXFileReference; explicitFileType = wrapper.application; includeInIndex = 0; path = "Movie-Trailer.app"; sourceTree = BUILT_PRODUCTS_DIR; };
		2E631E9029196BBE006A5B10 /* AppDelegate.swift */ = {isa = PBXFileReference; lastKnownFileType = sourcecode.swift; path = AppDelegate.swift; sourceTree = "<group>"; };
		2E631E9229196BBE006A5B10 /* SceneDelegate.swift */ = {isa = PBXFileReference; lastKnownFileType = sourcecode.swift; path = SceneDelegate.swift; sourceTree = "<group>"; };
		2E631E9429196BBE006A5B10 /* MainTabBarViewController.swift */ = {isa = PBXFileReference; lastKnownFileType = sourcecode.swift; path = MainTabBarViewController.swift; sourceTree = "<group>"; };
		2E631E9929196BBE006A5B10 /* Assets.xcassets */ = {isa = PBXFileReference; lastKnownFileType = folder.assetcatalog; path = Assets.xcassets; sourceTree = "<group>"; };
		2E631E9C29196BBE006A5B10 /* Base */ = {isa = PBXFileReference; lastKnownFileType = file.storyboard; name = Base; path = Base.lproj/LaunchScreen.storyboard; sourceTree = "<group>"; };
		2E631E9E29196BBE006A5B10 /* Info.plist */ = {isa = PBXFileReference; lastKnownFileType = text.plist.xml; path = Info.plist; sourceTree = "<group>"; };
		2E631EA529196F50006A5B10 /* HomeViewController.swift */ = {isa = PBXFileReference; lastKnownFileType = sourcecode.swift; path = HomeViewController.swift; sourceTree = "<group>"; };
		2E631EA729196F81006A5B10 /* UpcomingViewController.swift */ = {isa = PBXFileReference; lastKnownFileType = sourcecode.swift; path = UpcomingViewController.swift; sourceTree = "<group>"; };
		2E631EA929196FA5006A5B10 /* SearchViewController.swift */ = {isa = PBXFileReference; lastKnownFileType = sourcecode.swift; path = SearchViewController.swift; sourceTree = "<group>"; };
		2E631EAB29196FE2006A5B10 /* FavoriteViewController.swift */ = {isa = PBXFileReference; lastKnownFileType = sourcecode.swift; path = FavoriteViewController.swift; sourceTree = "<group>"; };
		2E631EB229197930006A5B10 /* CollectionViewTableViewCell.swift */ = {isa = PBXFileReference; lastKnownFileType = sourcecode.swift; path = CollectionViewTableViewCell.swift; sourceTree = "<group>"; };
		2E631EB4291A81C3006A5B10 /* MovieHeaderUIView.swift */ = {isa = PBXFileReference; lastKnownFileType = sourcecode.swift; path = MovieHeaderUIView.swift; sourceTree = "<group>"; };
		2EAE6A4D2965C330003040DC /* Extensions.swift */ = {isa = PBXFileReference; lastKnownFileType = sourcecode.swift; path = Extensions.swift; sourceTree = "<group>"; };
/* End PBXFileReference section */

/* Begin PBXFrameworksBuildPhase section */
		2E631E8A29196BBE006A5B10 /* Frameworks */ = {
			isa = PBXFrameworksBuildPhase;
			buildActionMask = 2147483647;
			files = (
			);
			runOnlyForDeploymentPostprocessing = 0;
		};
/* End PBXFrameworksBuildPhase section */

/* Begin PBXGroup section */
		2E631E8429196BBE006A5B10 = {
			isa = PBXGroup;
			children = (
				2E631E8F29196BBE006A5B10 /* Movie-Trailer */,
				2E631E8E29196BBE006A5B10 /* Products */,
			);
			sourceTree = "<group>";
		};
		2E631E8E29196BBE006A5B10 /* Products */ = {
			isa = PBXGroup;
			children = (
				2E631E8D29196BBE006A5B10 /* Movie-Trailer.app */,
			);
			name = Products;
			sourceTree = "<group>";
		};
		2E631E8F29196BBE006A5B10 /* Movie-Trailer */ = {
			isa = PBXGroup;
			children = (
				2E631EAD2919787F006A5B10 /* Managers */,
				2E631EB1291978A4006A5B10 /* Resources */,
				2E631EAE2919788A006A5B10 /* Models */,
				2E631EB02919789A006A5B10 /* Views */,
				2E631EAF29197893006A5B10 /* ViewModels */,
				2E631EA429196F37006A5B10 /* Controllers */,
				2E631E9029196BBE006A5B10 /* AppDelegate.swift */,
				2E631E9229196BBE006A5B10 /* SceneDelegate.swift */,
				2E631E9429196BBE006A5B10 /* MainTabBarViewController.swift */,
				2E631E9929196BBE006A5B10 /* Assets.xcassets */,
				2E631E9B29196BBE006A5B10 /* LaunchScreen.storyboard */,
				2E631E9E29196BBE006A5B10 /* Info.plist */,
			);
			path = "Movie-Trailer";
			sourceTree = "<group>";
		};
		2E631EA429196F37006A5B10 /* Controllers */ = {
			isa = PBXGroup;
			children = (
				2E631EA529196F50006A5B10 /* HomeViewController.swift */,
				2E631EA729196F81006A5B10 /* UpcomingViewController.swift */,
				2E631EA929196FA5006A5B10 /* SearchViewController.swift */,
				2E631EAB29196FE2006A5B10 /* FavoriteViewController.swift */,
			);
			path = Controllers;
			sourceTree = "<group>";
		};
		2E631EAD2919787F006A5B10 /* Managers */ = {
			isa = PBXGroup;
			children = (
			);
			path = Managers;
			sourceTree = "<group>";
		};
		2E631EAE2919788A006A5B10 /* Models */ = {
			isa = PBXGroup;
			children = (
			);
			path = Models;
			sourceTree = "<group>";
		};
		2E631EAF29197893006A5B10 /* ViewModels */ = {
			isa = PBXGroup;
			children = (
			);
			path = ViewModels;
			sourceTree = "<group>";
		};
		2E631EB02919789A006A5B10 /* Views */ = {
			isa = PBXGroup;
			children = (
				2E631EB229197930006A5B10 /* CollectionViewTableViewCell.swift */,
				2E631EB4291A81C3006A5B10 /* MovieHeaderUIView.swift */,
			);
			path = Views;
			sourceTree = "<group>";
		};
		2E631EB1291978A4006A5B10 /* Resources */ = {
			isa = PBXGroup;
			children = (
				2EAE6A4D2965C330003040DC /* Extensions.swift */,
			);
			path = Resources;
			sourceTree = "<group>";
		};
/* End PBXGroup section */

/* Begin PBXNativeTarget section */
		2E631E8C29196BBE006A5B10 /* Movie-Trailer */ = {
			isa = PBXNativeTarget;
			buildConfigurationList = 2E631EA129196BBE006A5B10 /* Build configuration list for PBXNativeTarget "Movie-Trailer" */;
			buildPhases = (
				2E631E8929196BBE006A5B10 /* Sources */,
				2E631E8A29196BBE006A5B10 /* Frameworks */,
				2E631E8B29196BBE006A5B10 /* Resources */,
			);
			buildRules = (
			);
			dependencies = (
			);
			name = "Movie-Trailer";
			productName = "Movie-Trailer";
			productReference = 2E631E8D29196BBE006A5B10 /* Movie-Trailer.app */;
			productType = "com.apple.product-type.application";
		};
/* End PBXNativeTarget section */

/* Begin PBXProject section */
		2E631E8529196BBE006A5B10 /* Project object */ = {
			isa = PBXProject;
			attributes = {
				BuildIndependentTargetsInParallel = 1;
				LastSwiftUpdateCheck = 1340;
				LastUpgradeCheck = 1340;
				TargetAttributes = {
					2E631E8C29196BBE006A5B10 = {
						CreatedOnToolsVersion = 13.4.1;
					};
				};
			};
			buildConfigurationList = 2E631E8829196BBE006A5B10 /* Build configuration list for PBXProject "Movie-Trailer" */;
			compatibilityVersion = "Xcode 13.0";
			developmentRegion = en;
			hasScannedForEncodings = 0;
			knownRegions = (
				en,
				Base,
			);
			mainGroup = 2E631E8429196BBE006A5B10;
			productRefGroup = 2E631E8E29196BBE006A5B10 /* Products */;
			projectDirPath = "";
			projectRoot = "";
			targets = (
				2E631E8C29196BBE006A5B10 /* Movie-Trailer */,
			);
		};
/* End PBXProject section */

/* Begin PBXResourcesBuildPhase section */
		2E631E8B29196BBE006A5B10 /* Resources */ = {
			isa = PBXResourcesBuildPhase;
			buildActionMask = 2147483647;
			files = (
				2E631E9D29196BBE006A5B10 /* LaunchScreen.storyboard in Resources */,
				2E631E9A29196BBE006A5B10 /* Assets.xcassets in Resources */,
			);
			runOnlyForDeploymentPostprocessing = 0;
		};
/* End PBXResourcesBuildPhase section */

/* Begin PBXSourcesBuildPhase section */
		2E631E8929196BBE006A5B10 /* Sources */ = {
			isa = PBXSourcesBuildPhase;
			buildActionMask = 2147483647;
			files = (
				2E631EB5291A81C3006A5B10 /* MovieHeaderUIView.swift in Sources */,
				2E631EAA29196FA5006A5B10 /* SearchViewController.swift in Sources */,
				2E631E9529196BBE006A5B10 /* MainTabBarViewController.swift in Sources */,
				2E631EB329197930006A5B10 /* CollectionViewTableViewCell.swift in Sources */,
				2E631E9129196BBE006A5B10 /* AppDelegate.swift in Sources */,
				2EAE6A4E2965C330003040DC /* Extensions.swift in Sources */,
				2E631E9329196BBE006A5B10 /* SceneDelegate.swift in Sources */,
				2E631EAC29196FE2006A5B10 /* FavoriteViewController.swift in Sources */,
				2E631EA829196F81006A5B10 /* UpcomingViewController.swift in Sources */,
				2E631EA629196F50006A5B10 /* HomeViewController.swift in Sources */,
			);
			runOnlyForDeploymentPostprocessing = 0;
		};
/* End PBXSourcesBuildPhase section */

/* Begin PBXVariantGroup section */
		2E631E9B29196BBE006A5B10 /* LaunchScreen.storyboard */ = {
			isa = PBXVariantGroup;
			children = (
				2E631E9C29196BBE006A5B10 /* Base */,
			);
			name = LaunchScreen.storyboard;
			sourceTree = "<group>";
		};
/* End PBXVariantGroup section */

/* Begin XCBuildConfiguration section */
		2E631E9F29196BBE006A5B10 /* Debug */ = {
			isa = XCBuildConfiguration;
			buildSettings = {
				ALWAYS_SEARCH_USER_PATHS = NO;
				CLANG_ANALYZER_NONNULL = YES;
				CLANG_ANALYZER_NUMBER_OBJECT_CONVERSION = YES_AGGRESSIVE;
				CLANG_CXX_LANGUAGE_STANDARD = "gnu++17";
				CLANG_ENABLE_MODULES = YES;
				CLANG_ENABLE_OBJC_ARC = YES;
				CLANG_ENABLE_OBJC_WEAK = YES;
				CLANG_WARN_BLOCK_CAPTURE_AUTORELEASING = YES;
				CLANG_WARN_BOOL_CONVERSION = YES;
				CLANG_WARN_COMMA = YES;
				CLANG_WARN_CONSTANT_CONVERSION = YES;
				CLANG_WARN_DEPRECATED_OBJC_IMPLEMENTATIONS = YES;
				CLANG_WARN_DIRECT_OBJC_ISA_USAGE = YES_ERROR;
				CLANG_WARN_DOCUMENTATION_COMMENTS = YES;
				CLANG_WARN_EMPTY_BODY = YES;
				CLANG_WARN_ENUM_CONVERSION = YES;
				CLANG_WARN_INFINITE_RECURSION = YES;
				CLANG_WARN_INT_CONVERSION = YES;
				CLANG_WARN_NON_LITERAL_NULL_CONVERSION = YES;
				CLANG_WARN_OBJC_IMPLICIT_RETAIN_SELF = YES;
				CLANG_WARN_OBJC_LITERAL_CONVERSION = YES;
				CLANG_WARN_OBJC_ROOT_CLASS = YES_ERROR;
				CLANG_WARN_QUOTED_INCLUDE_IN_FRAMEWORK_HEADER = YES;
				CLANG_WARN_RANGE_LOOP_ANALYSIS = YES;
				CLANG_WARN_STRICT_PROTOTYPES = YES;
				CLANG_WARN_SUSPICIOUS_MOVE = YES;
				CLANG_WARN_UNGUARDED_AVAILABILITY = YES_AGGRESSIVE;
				CLANG_WARN_UNREACHABLE_CODE = YES;
				CLANG_WARN__DUPLICATE_METHOD_MATCH = YES;
				COPY_PHASE_STRIP = NO;
				DEBUG_INFORMATION_FORMAT = dwarf;
				ENABLE_STRICT_OBJC_MSGSEND = YES;
				ENABLE_TESTABILITY = YES;
				GCC_C_LANGUAGE_STANDARD = gnu11;
				GCC_DYNAMIC_NO_PIC = NO;
				GCC_NO_COMMON_BLOCKS = YES;
				GCC_OPTIMIZATION_LEVEL = 0;
				GCC_PREPROCESSOR_DEFINITIONS = (
					"DEBUG=1",
					"$(inherited)",
				);
				GCC_WARN_64_TO_32_BIT_CONVERSION = YES;
				GCC_WARN_ABOUT_RETURN_TYPE = YES_ERROR;
				GCC_WARN_UNDECLARED_SELECTOR = YES;
				GCC_WARN_UNINITIALIZED_AUTOS = YES_AGGRESSIVE;
				GCC_WARN_UNUSED_FUNCTION = YES;
				GCC_WARN_UNUSED_VARIABLE = YES;
				IPHONEOS_DEPLOYMENT_TARGET = 15.5;
				MTL_ENABLE_DEBUG_INFO = INCLUDE_SOURCE;
				MTL_FAST_MATH = YES;
				ONLY_ACTIVE_ARCH = YES;
				SDKROOT = iphoneos;
				SWIFT_ACTIVE_COMPILATION_CONDITIONS = DEBUG;
				SWIFT_OPTIMIZATION_LEVEL = "-Onone";
			};
			name = Debug;
		};
		2E631EA029196BBE006A5B10 /* Release */ = {
			isa = XCBuildConfiguration;
			buildSettings = {
				ALWAYS_SEARCH_USER_PATHS = NO;
				CLANG_ANALYZER_NONNULL = YES;
				CLANG_ANALYZER_NUMBER_OBJECT_CONVERSION = YES_AGGRESSIVE;
				CLANG_CXX_LANGUAGE_STANDARD = "gnu++17";
				CLANG_ENABLE_MODULES = YES;
				CLANG_ENABLE_OBJC_ARC = YES;
				CLANG_ENABLE_OBJC_WEAK = YES;
				CLANG_WARN_BLOCK_CAPTURE_AUTORELEASING = YES;
				CLANG_WARN_BOOL_CONVERSION = YES;
				CLANG_WARN_COMMA = YES;
				CLANG_WARN_CONSTANT_CONVERSION = YES;
				CLANG_WARN_DEPRECATED_OBJC_IMPLEMENTATIONS = YES;
				CLANG_WARN_DIRECT_OBJC_ISA_USAGE = YES_ERROR;
				CLANG_WARN_DOCUMENTATION_COMMENTS = YES;
				CLANG_WARN_EMPTY_BODY = YES;
				CLANG_WARN_ENUM_CONVERSION = YES;
				CLANG_WARN_INFINITE_RECURSION = YES;
				CLANG_WARN_INT_CONVERSION = YES;
				CLANG_WARN_NON_LITERAL_NULL_CONVERSION = YES;
				CLANG_WARN_OBJC_IMPLICIT_RETAIN_SELF = YES;
				CLANG_WARN_OBJC_LITERAL_CONVERSION = YES;
				CLANG_WARN_OBJC_ROOT_CLASS = YES_ERROR;
				CLANG_WARN_QUOTED_INCLUDE_IN_FRAMEWORK_HEADER = YES;
				CLANG_WARN_RANGE_LOOP_ANALYSIS = YES;
				CLANG_WARN_STRICT_PROTOTYPES = YES;
				CLANG_WARN_SUSPICIOUS_MOVE = YES;
				CLANG_WARN_UNGUARDED_AVAILABILITY = YES_AGGRESSIVE;
				CLANG_WARN_UNREACHABLE_CODE = YES;
				CLANG_WARN__DUPLICATE_METHOD_MATCH = YES;
				COPY_PHASE_STRIP = NO;
				DEBUG_INFORMATION_FORMAT = "dwarf-with-dsym";
				ENABLE_NS_ASSERTIONS = NO;
				ENABLE_STRICT_OBJC_MSGSEND = YES;
				GCC_C_LANGUAGE_STANDARD = gnu11;
				GCC_NO_COMMON_BLOCKS = YES;
				GCC_WARN_64_TO_32_BIT_CONVERSION = YES;
				GCC_WARN_ABOUT_RETURN_TYPE = YES_ERROR;
				GCC_WARN_UNDECLARED_SELECTOR = YES;
				GCC_WARN_UNINITIALIZED_AUTOS = YES_AGGRESSIVE;
				GCC_WARN_UNUSED_FUNCTION = YES;
				GCC_WARN_UNUSED_VARIABLE = YES;
				IPHONEOS_DEPLOYMENT_TARGET = 15.5;
				MTL_ENABLE_DEBUG_INFO = NO;
				MTL_FAST_MATH = YES;
				SDKROOT = iphoneos;
				SWIFT_COMPILATION_MODE = wholemodule;
				SWIFT_OPTIMIZATION_LEVEL = "-O";
				VALIDATE_PRODUCT = YES;
			};
			name = Release;
		};
		2E631EA229196BBE006A5B10 /* Debug */ = {
			isa = XCBuildConfiguration;
			buildSettings = {
				ASSETCATALOG_COMPILER_APPICON_NAME = AppIcon;
				ASSETCATALOG_COMPILER_GLOBAL_ACCENT_COLOR_NAME = AccentColor;
				CODE_SIGN_STYLE = Automatic;
				CURRENT_PROJECT_VERSION = 1;
				DEVELOPMENT_TEAM = 7KDAWBCR66;
				GENERATE_INFOPLIST_FILE = YES;
				INFOPLIST_FILE = "Movie-Trailer/Info.plist";
				INFOPLIST_KEY_UIApplicationSupportsIndirectInputEvents = YES;
				INFOPLIST_KEY_UILaunchStoryboardName = LaunchScreen;
				INFOPLIST_KEY_UISupportedInterfaceOrientations_iPad = "UIInterfaceOrientationPortrait UIInterfaceOrientationPortraitUpsideDown UIInterfaceOrientationLandscapeLeft UIInterfaceOrientationLandscapeRight";
				INFOPLIST_KEY_UISupportedInterfaceOrientations_iPhone = "UIInterfaceOrientationPortrait UIInterfaceOrientationLandscapeLeft UIInterfaceOrientationLandscapeRight";
				LD_RUNPATH_SEARCH_PATHS = (
					"$(inherited)",
					"@executable_path/Frameworks",
				);
				MARKETING_VERSION = 1.0;
				PRODUCT_BUNDLE_IDENTIFIER = "con.jonas.Movie-Trailer";
				PRODUCT_NAME = "$(TARGET_NAME)";
				SWIFT_EMIT_LOC_STRINGS = YES;
				SWIFT_VERSION = 5.0;
				TARGETED_DEVICE_FAMILY = "1,2";
			};
			name = Debug;
		};
		2E631EA329196BBE006A5B10 /* Release */ = {
			isa = XCBuildConfiguration;
			buildSettings = {
				ASSETCATALOG_COMPILER_APPICON_NAME = AppIcon;
				ASSETCATALOG_COMPILER_GLOBAL_ACCENT_COLOR_NAME = AccentColor;
				CODE_SIGN_STYLE = Automatic;
				CURRENT_PROJECT_VERSION = 1;
				DEVELOPMENT_TEAM = 7KDAWBCR66;
				GENERATE_INFOPLIST_FILE = YES;
				INFOPLIST_FILE = "Movie-Trailer/Info.plist";
				INFOPLIST_KEY_UIApplicationSupportsIndirectInputEvents = YES;
				INFOPLIST_KEY_UILaunchStoryboardName = LaunchScreen;
				INFOPLIST_KEY_UISupportedInterfaceOrientations_iPad = "UIInterfaceOrientationPortrait UIInterfaceOrientationPortraitUpsideDown UIInterfaceOrientationLandscapeLeft UIInterfaceOrientationLandscapeRight";
				INFOPLIST_KEY_UISupportedInterfaceOrientations_iPhone = "UIInterfaceOrientationPortrait UIInterfaceOrientationLandscapeLeft UIInterfaceOrientationLandscapeRight";
				LD_RUNPATH_SEARCH_PATHS = (
					"$(inherited)",
					"@executable_path/Frameworks",
				);
				MARKETING_VERSION = 1.0;
				PRODUCT_BUNDLE_IDENTIFIER = "con.jonas.Movie-Trailer";
				PRODUCT_NAME = "$(TARGET_NAME)";
				SWIFT_EMIT_LOC_STRINGS = YES;
				SWIFT_VERSION = 5.0;
				TARGETED_DEVICE_FAMILY = "1,2";
			};
			name = Release;
		};
/* End XCBuildConfiguration section */

/* Begin XCConfigurationList section */
		2E631E8829196BBE006A5B10 /* Build configuration list for PBXProject "Movie-Trailer" */ = {
			isa = XCConfigurationList;
			buildConfigurations = (
				2E631E9F29196BBE006A5B10 /* Debug */,
				2E631EA029196BBE006A5B10 /* Release */,
			);
			defaultConfigurationIsVisible = 0;
			defaultConfigurationName = Release;
		};
		2E631EA129196BBE006A5B10 /* Build configuration list for PBXNativeTarget "Movie-Trailer" */ = {
			isa = XCConfigurationList;
			buildConfigurations = (
				2E631EA229196BBE006A5B10 /* Debug */,
				2E631EA329196BBE006A5B10 /* Release */,
			);
			defaultConfigurationIsVisible = 0;
			defaultConfigurationName = Release;
		};
/* End XCConfigurationList section */
	};
	rootObject = 2E631E8529196BBE006A5B10 /* Project object */;
}
